
Microsoft Visual Studio Solution File, Format Version 12.00
# Visual Studio Version 17
VisualStudioVersion = 17.3.32811.315
MinimumVisualStudioVersion = 10.0.40219.1
Project("{FAE04EC0-301F-11D3-BF4B-00C04F79EFBC}") = "Ejercicio 16_GRAJ", "Ejercicio 16_GRAJ.csproj", "{CF00EC74-48DC-4BE4-8335-961EADCEDE8E}"
EndProject
Global
	GlobalSection(SolutionConfigurationPlatforms) = preSolution
		Debug|Any CPU = Debug|Any CPU
		Release|Any CPU = Release|Any CPU
	EndGlobalSection
	GlobalSection(ProjectConfigurationPlatforms) = postSolution
		{CF00EC74-48DC-4BE4-8335-961EADCEDE8E}.Debug|Any CPU.ActiveCfg = Debug|Any CPU
		{CF00EC74-48DC-4BE4-8335-961EADCEDE8E}.Debug|Any CPU.Build.0 = Debug|Any CPU
		{CF00EC74-48DC-4BE4-8335-961EADCEDE8E}.Release|Any CPU.ActiveCfg = Release|Any CPU
		{CF00EC74-48DC-4BE4-8335-961EADCEDE8E}.Release|Any CPU.Build.0 = Release|Any CPU
	EndGlobalSection
	GlobalSection(SolutionProperties) = preSolution
		HideSolutionNode = FALSE
	EndGlobalSection
	GlobalSection(ExtensibilityGlobals) = postSolution
		SolutionGuid = {09571C19-2E0E-4F15-BA89-CC246A55337C}
	EndGlobalSection
EndGlobal
